// !$*UTF8*$!
{
	archiveVersion = 1;
	classes = {
	};
	objectVersion = 56;
	objects = {

/* Begin PBXBuildFile section */
		E55876952BDCDF360067614A /* My_test_projApp.swift in Sources */ = {isa = PBXBuildFile; fileRef = E55876942BDCDF360067614A /* My_test_projApp.swift */; };
		E55876972BDCDF360067614A /* ContentView.swift in Sources */ = {isa = PBXBuildFile; fileRef = E55876962BDCDF360067614A /* ContentView.swift */; };
		E55876992BDCDF380067614A /* Assets.xcassets in Resources */ = {isa = PBXBuildFile; fileRef = E55876982BDCDF380067614A /* Assets.xcassets */; };
		E558769C2BDCDF380067614A /* Preview Assets.xcassets in Resources */ = {isa = PBXBuildFile; fileRef = E558769B2BDCDF380067614A /* Preview Assets.xcassets */; };
		E55876A62BDCDF380067614A /* My_test_projTests.swift in Sources */ = {isa = PBXBuildFile; fileRef = E55876A52BDCDF380067614A /* My_test_projTests.swift */; };
		E55876B02BDCDF380067614A /* My_test_projUITests.swift in Sources */ = {isa = PBXBuildFile; fileRef = E55876AF2BDCDF380067614A /* My_test_projUITests.swift */; };
		E55876B22BDCDF380067614A /* My_test_projUITestsLaunchTests.swift in Sources */ = {isa = PBXBuildFile; fileRef = E55876B12BDCDF380067614A /* My_test_projUITestsLaunchTests.swift */; };
/* End PBXBuildFile section */

/* Begin PBXContainerItemProxy section */
		E55876A22BDCDF380067614A /* PBXContainerItemProxy */ = {
			isa = PBXContainerItemProxy;
			containerPortal = E55876892BDCDF360067614A /* Project object */;
			proxyType = 1;
			remoteGlobalIDString = E55876902BDCDF360067614A;
			remoteInfo = My_test_proj;
		};
		E55876AC2BDCDF380067614A /* PBXContainerItemProxy */ = {
			isa = PBXContainerItemProxy;
			containerPortal = E55876892BDCDF360067614A /* Project object */;
			proxyType = 1;
			remoteGlobalIDString = E55876902BDCDF360067614A;
			remoteInfo = My_test_proj;
		};
/* End PBXContainerItemProxy section */

/* Begin PBXFileReference section */
		E55876912BDCDF360067614A /* My_test_proj.app */ = {isa = PBXFileReference; explicitFileType = wrapper.application; includeInIndex = 0; path = My_test_proj.app; sourceTree = BUILT_PRODUCTS_DIR; };
		E55876942BDCDF360067614A /* My_test_projApp.swift */ = {isa = PBXFileReference; lastKnownFileType = sourcecode.swift; path = My_test_projApp.swift; sourceTree = "<group>"; };
		E55876962BDCDF360067614A /* ContentView.swift */ = {isa = PBXFileReference; lastKnownFileType = sourcecode.swift; path = ContentView.swift; sourceTree = "<group>"; };
		E55876982BDCDF380067614A /* Assets.xcassets */ = {isa = PBXFileReference; lastKnownFileType = folder.assetcatalog; path = Assets.xcassets; sourceTree = "<group>"; };
		E558769B2BDCDF380067614A /* Preview Assets.xcassets */ = {isa = PBXFileReference; lastKnownFileType = folder.assetcatalog; path = "Preview Assets.xcassets"; sourceTree = "<group>"; };
		E55876A12BDCDF380067614A /* My_test_projTests.xctest */ = {isa = PBXFileReference; explicitFileType = wrapper.cfbundle; includeInIndex = 0; path = My_test_projTests.xctest; sourceTree = BUILT_PRODUCTS_DIR; };
		E55876A52BDCDF380067614A /* My_test_projTests.swift */ = {isa = PBXFileReference; lastKnownFileType = sourcecode.swift; path = My_test_projTests.swift; sourceTree = "<group>"; };
		E55876AB2BDCDF380067614A /* My_test_projUITests.xctest */ = {isa = PBXFileReference; explicitFileType = wrapper.cfbundle; includeInIndex = 0; path = My_test_projUITests.xctest; sourceTree = BUILT_PRODUCTS_DIR; };
		E55876AF2BDCDF380067614A /* My_test_projUITests.swift */ = {isa = PBXFileReference; lastKnownFileType = sourcecode.swift; path = My_test_projUITests.swift; sourceTree = "<group>"; };
		E55876B12BDCDF380067614A /* My_test_projUITestsLaunchTests.swift */ = {isa = PBXFileReference; lastKnownFileType = sourcecode.swift; path = My_test_projUITestsLaunchTests.swift; sourceTree = "<group>"; };
/* End PBXFileReference section */

/* Begin PBXFrameworksBuildPhase section */
		E558768E2BDCDF360067614A /* Frameworks */ = {
			isa = PBXFrameworksBuildPhase;
			buildActionMask = 2147483647;
			files = (
			);
			runOnlyForDeploymentPostprocessing = 0;
		};
		E558769E2BDCDF380067614A /* Frameworks */ = {
			isa = PBXFrameworksBuildPhase;
			buildActionMask = 2147483647;
			files = (
			);
			runOnlyForDeploymentPostprocessing = 0;
		};
		E55876A82BDCDF380067614A /* Frameworks */ = {
			isa = PBXFrameworksBuildPhase;
			buildActionMask = 2147483647;
			files = (
			);
			runOnlyForDeploymentPostprocessing = 0;
		};
/* End PBXFrameworksBuildPhase section */

/* Begin PBXGroup section */
		E55876882BDCDF360067614A = {
			isa = PBXGroup;
			children = (
				E55876932BDCDF360067614A /* My_test_proj */,
				E55876A42BDCDF380067614A /* My_test_projTests */,
				E55876AE2BDCDF380067614A /* My_test_projUITests */,
				E55876922BDCDF360067614A /* Products */,
			);
			sourceTree = "<group>";
		};
		E55876922BDCDF360067614A /* Products */ = {
			isa = PBXGroup;
			children = (
				E55876912BDCDF360067614A /* My_test_proj.app */,
				E55876A12BDCDF380067614A /* My_test_projTests.xctest */,
				E55876AB2BDCDF380067614A /* My_test_projUITests.xctest */,
			);
			name = Products;
			sourceTree = "<group>";
		};
		E55876932BDCDF360067614A /* My_test_proj */ = {
			isa = PBXGroup;
			children = (
				E55876942BDCDF360067614A /* My_test_projApp.swift */,
				E55876962BDCDF360067614A /* ContentView.swift */,
				E55876982BDCDF380067614A /* Assets.xcassets */,
				E558769A2BDCDF380067614A /* Preview Content */,
			);
			path = My_test_proj;
			sourceTree = "<group>";
		};
		E558769A2BDCDF380067614A /* Preview Content */ = {
			isa = PBXGroup;
			children = (
				E558769B2BDCDF380067614A /* Preview Assets.xcassets */,
			);
			path = "Preview Content";
			sourceTree = "<group>";
		};
		E55876A42BDCDF380067614A /* My_test_projTests */ = {
			isa = PBXGroup;
			children = (
				E55876A52BDCDF380067614A /* My_test_projTests.swift */,
			);
			path = My_test_projTests;
			sourceTree = "<group>";
		};
		E55876AE2BDCDF380067614A /* My_test_projUITests */ = {
			isa = PBXGroup;
			children = (
				E55876AF2BDCDF380067614A /* My_test_projUITests.swift */,
				E55876B12BDCDF380067614A /* My_test_projUITestsLaunchTests.swift */,
			);
			path = My_test_projUITests;
			sourceTree = "<group>";
		};
/* End PBXGroup section */

/* Begin PBXNativeTarget section */
		E55876902BDCDF360067614A /* My_test_proj */ = {
			isa = PBXNativeTarget;
			buildConfigurationList = E55876B52BDCDF380067614A /* Build configuration list for PBXNativeTarget "My_test_proj" */;
			buildPhases = (
				E558768D2BDCDF360067614A /* Sources */,
				E558768E2BDCDF360067614A /* Frameworks */,
				E558768F2BDCDF360067614A /* Resources */,
			);
			buildRules = (
			);
			dependencies = (
			);
			name = My_test_proj;
			productName = My_test_proj;
			productReference = E55876912BDCDF360067614A /* My_test_proj.app */;
			productType = "com.apple.product-type.application";
		};
		E55876A02BDCDF380067614A /* My_test_projTests */ = {
			isa = PBXNativeTarget;
			buildConfigurationList = E55876B82BDCDF380067614A /* Build configuration list for PBXNativeTarget "My_test_projTests" */;
			buildPhases = (
				E558769D2BDCDF380067614A /* Sources */,
				E558769E2BDCDF380067614A /* Frameworks */,
				E558769F2BDCDF380067614A /* Resources */,
			);
			buildRules = (
			);
			dependencies = (
				E55876A32BDCDF380067614A /* PBXTargetDependency */,
			);
			name = My_test_projTests;
			productName = My_test_projTests;
			productReference = E55876A12BDCDF380067614A /* My_test_projTests.xctest */;
			productType = "com.apple.product-type.bundle.unit-test";
		};
		E55876AA2BDCDF380067614A /* My_test_projUITests */ = {
			isa = PBXNativeTarget;
			buildConfigurationList = E55876BB2BDCDF380067614A /* Build configuration list for PBXNativeTarget "My_test_projUITests" */;
			buildPhases = (
				E55876A72BDCDF380067614A /* Sources */,
				E55876A82BDCDF380067614A /* Frameworks */,
				E55876A92BDCDF380067614A /* Resources */,
			);
			buildRules = (
			);
			dependencies = (
				E55876AD2BDCDF380067614A /* PBXTargetDependency */,
			);
			name = My_test_projUITests;
			productName = My_test_projUITests;
			productReference = E55876AB2BDCDF380067614A /* My_test_projUITests.xctest */;
			productType = "com.apple.product-type.bundle.ui-testing";
		};
/* End PBXNativeTarget section */

/* Begin PBXProject section */
		E55876892BDCDF360067614A /* Project object */ = {
			isa = PBXProject;
			attributes = {
				BuildIndependentTargetsInParallel = 1;
				LastSwiftUpdateCheck = 1530;
				LastUpgradeCheck = 1530;
				TargetAttributes = {
					E55876902BDCDF360067614A = {
						CreatedOnToolsVersion = 15.3;
					};
					E55876A02BDCDF380067614A = {
						CreatedOnToolsVersion = 15.3;
						TestTargetID = E55876902BDCDF360067614A;
					};
					E55876AA2BDCDF380067614A = {
						CreatedOnToolsVersion = 15.3;
						TestTargetID = E55876902BDCDF360067614A;
					};
				};
			};
			buildConfigurationList = E558768C2BDCDF360067614A /* Build configuration list for PBXProject "My_test_proj" */;
			compatibilityVersion = "Xcode 14.0";
			developmentRegion = en;
			hasScannedForEncodings = 0;
			knownRegions = (
				en,
				Base,
			);
			mainGroup = E55876882BDCDF360067614A;
			productRefGroup = E55876922BDCDF360067614A /* Products */;
			projectDirPath = "";
			projectRoot = "";
			targets = (
				E55876902BDCDF360067614A /* My_test_proj */,
				E55876A02BDCDF380067614A /* My_test_projTests */,
				E55876AA2BDCDF380067614A /* My_test_projUITests */,
			);
		};
/* End PBXProject section */

/* Begin PBXResourcesBuildPhase section */
		E558768F2BDCDF360067614A /* Resources */ = {
			isa = PBXResourcesBuildPhase;
			buildActionMask = 2147483647;
			files = (
				E558769C2BDCDF380067614A /* Preview Assets.xcassets in Resources */,
				E55876992BDCDF380067614A /* Assets.xcassets in Resources */,
			);
			runOnlyForDeploymentPostprocessing = 0;
		};
		E558769F2BDCDF380067614A /* Resources */ = {
			isa = PBXResourcesBuildPhase;
			buildActionMask = 2147483647;
			files = (
			);
			runOnlyForDeploymentPostprocessing = 0;
		};
		E55876A92BDCDF380067614A /* Resources */ = {
			isa = PBXResourcesBuildPhase;
			buildActionMask = 2147483647;
			files = (
			);
			runOnlyForDeploymentPostprocessing = 0;
		};
/* End PBXResourcesBuildPhase section */

/* Begin PBXSourcesBuildPhase section */
		E558768D2BDCDF360067614A /* Sources */ = {
			isa = PBXSourcesBuildPhase;
			buildActionMask = 2147483647;
			files = (
				E55876972BDCDF360067614A /* ContentView.swift in Sources */,
				E55876952BDCDF360067614A /* My_test_projApp.swift in Sources */,
			);
			runOnlyForDeploymentPostprocessing = 0;
		};
		E558769D2BDCDF380067614A /* Sources */ = {
			isa = PBXSourcesBuildPhase;
			buildActionMask = 2147483647;
			files = (
				E55876A62BDCDF380067614A /* My_test_projTests.swift in Sources */,
			);
			runOnlyForDeploymentPostprocessing = 0;
		};
		E55876A72BDCDF380067614A /* Sources */ = {
			isa = PBXSourcesBuildPhase;
			buildActionMask = 2147483647;
			files = (
				E55876B02BDCDF380067614A /* My_test_projUITests.swift in Sources */,
				E55876B22BDCDF380067614A /* My_test_projUITestsLaunchTests.swift in Sources */,
			);
			runOnlyForDeploymentPostprocessing = 0;
		};
/* End PBXSourcesBuildPhase section */

/* Begin PBXTargetDependency section */
		E55876A32BDCDF380067614A /* PBXTargetDependency */ = {
			isa = PBXTargetDependency;
			target = E55876902BDCDF360067614A /* My_test_proj */;
			targetProxy = E55876A22BDCDF380067614A /* PBXContainerItemProxy */;
		};
		E55876AD2BDCDF380067614A /* PBXTargetDependency */ = {
			isa = PBXTargetDependency;
			target = E55876902BDCDF360067614A /* My_test_proj */;
			targetProxy = E55876AC2BDCDF380067614A /* PBXContainerItemProxy */;
		};
/* End PBXTargetDependency section */

/* Begin XCBuildConfiguration section */
		E55876B32BDCDF380067614A /* Debug */ = {
			isa = XCBuildConfiguration;
			buildSettings = {
				ALWAYS_SEARCH_USER_PATHS = NO;
				ASSETCATALOG_COMPILER_GENERATE_SWIFT_ASSET_SYMBOL_EXTENSIONS = YES;
				CLANG_ANALYZER_NONNULL = YES;
				CLANG_ANALYZER_NUMBER_OBJECT_CONVERSION = YES_AGGRESSIVE;
				CLANG_CXX_LANGUAGE_STANDARD = "gnu++20";
				CLANG_ENABLE_MODULES = YES;
				CLANG_ENABLE_OBJC_ARC = YES;
				CLANG_ENABLE_OBJC_WEAK = YES;
				CLANG_WARN_BLOCK_CAPTURE_AUTORELEASING = YES;
				CLANG_WARN_BOOL_CONVERSION = YES;
				CLANG_WARN_COMMA = YES;
				CLANG_WARN_CONSTANT_CONVERSION = YES;
				CLANG_WARN_DEPRECATED_OBJC_IMPLEMENTATIONS = YES;
				CLANG_WARN_DIRECT_OBJC_ISA_USAGE = YES_ERROR;
				CLANG_WARN_DOCUMENTATION_COMMENTS = YES;
				CLANG_WARN_EMPTY_BODY = YES;
				CLANG_WARN_ENUM_CONVERSION = YES;
				CLANG_WARN_INFINITE_RECURSION = YES;
				CLANG_WARN_INT_CONVERSION = YES;
				CLANG_WARN_NON_LITERAL_NULL_CONVERSION = YES;
				CLANG_WARN_OBJC_IMPLICIT_RETAIN_SELF = YES;
				CLANG_WARN_OBJC_LITERAL_CONVERSION = YES;
				CLANG_WARN_OBJC_ROOT_CLASS = YES_ERROR;
				CLANG_WARN_QUOTED_INCLUDE_IN_FRAMEWORK_HEADER = YES;
				CLANG_WARN_RANGE_LOOP_ANALYSIS = YES;
				CLANG_WARN_STRICT_PROTOTYPES = YES;
				CLANG_WARN_SUSPICIOUS_MOVE = YES;
				CLANG_WARN_UNGUARDED_AVAILABILITY = YES_AGGRESSIVE;
				CLANG_WARN_UNREACHABLE_CODE = YES;
				CLANG_WARN__DUPLICATE_METHOD_MATCH = YES;
				COPY_PHASE_STRIP = NO;
				DEBUG_INFORMATION_FORMAT = dwarf;
				ENABLE_STRICT_OBJC_MSGSEND = YES;
				ENABLE_TESTABILITY = YES;
				ENABLE_USER_SCRIPT_SANDBOXING = YES;
				GCC_C_LANGUAGE_STANDARD = gnu17;
				GCC_DYNAMIC_NO_PIC = NO;
				GCC_NO_COMMON_BLOCKS = YES;
				GCC_OPTIMIZATION_LEVEL = 0;
				GCC_PREPROCESSOR_DEFINITIONS = (
					"DEBUG=1",
					"$(inherited)",
				);
				GCC_WARN_64_TO_32_BIT_CONVERSION = YES;
				GCC_WARN_ABOUT_RETURN_TYPE = YES_ERROR;
				GCC_WARN_UNDECLARED_SELECTOR = YES;
				GCC_WARN_UNINITIALIZED_AUTOS = YES_AGGRESSIVE;
				GCC_WARN_UNUSED_FUNCTION = YES;
				GCC_WARN_UNUSED_VARIABLE = YES;
				IPHONEOS_DEPLOYMENT_TARGET = 17.4;
				LOCALIZATION_PREFERS_STRING_CATALOGS = YES;
				MTL_ENABLE_DEBUG_INFO = INCLUDE_SOURCE;
				MTL_FAST_MATH = YES;
				ONLY_ACTIVE_ARCH = YES;
				SDKROOT = iphoneos;
				SWIFT_ACTIVE_COMPILATION_CONDITIONS = "DEBUG $(inherited)";
				SWIFT_OPTIMIZATION_LEVEL = "-Onone";
			};
			name = Debug;
		};
		E55876B42BDCDF380067614A /* Release */ = {
			isa = XCBuildConfiguration;
			buildSettings = {
				ALWAYS_SEARCH_USER_PATHS = NO;
				ASSETCATALOG_COMPILER_GENERATE_SWIFT_ASSET_SYMBOL_EXTENSIONS = YES;
				CLANG_ANALYZER_NONNULL = YES;
				CLANG_ANALYZER_NUMBER_OBJECT_CONVERSION = YES_AGGRESSIVE;
				CLANG_CXX_LANGUAGE_STANDARD = "gnu++20";
				CLANG_ENABLE_MODULES = YES;
				CLANG_ENABLE_OBJC_ARC = YES;
				CLANG_ENABLE_OBJC_WEAK = YES;
				CLANG_WARN_BLOCK_CAPTURE_AUTORELEASING = YES;
				CLANG_WARN_BOOL_CONVERSION = YES;
				CLANG_WARN_COMMA = YES;
				CLANG_WARN_CONSTANT_CONVERSION = YES;
				CLANG_WARN_DEPRECATED_OBJC_IMPLEMENTATIONS = YES;
				CLANG_WARN_DIRECT_OBJC_ISA_USAGE = YES_ERROR;
				CLANG_WARN_DOCUMENTATION_COMMENTS = YES;
				CLANG_WARN_EMPTY_BODY = YES;
				CLANG_WARN_ENUM_CONVERSION = YES;
				CLANG_WARN_INFINITE_RECURSION = YES;
				CLANG_WARN_INT_CONVERSION = YES;
				CLANG_WARN_NON_LITERAL_NULL_CONVERSION = YES;
				CLANG_WARN_OBJC_IMPLICIT_RETAIN_SELF = YES;
				CLANG_WARN_OBJC_LITERAL_CONVERSION = YES;
				CLANG_WARN_OBJC_ROOT_CLASS = YES_ERROR;
				CLANG_WARN_QUOTED_INCLUDE_IN_FRAMEWORK_HEADER = YES;
				CLANG_WARN_RANGE_LOOP_ANALYSIS = YES;
				CLANG_WARN_STRICT_PROTOTYPES = YES;
				CLANG_WARN_SUSPICIOUS_MOVE = YES;
				CLANG_WARN_UNGUARDED_AVAILABILITY = YES_AGGRESSIVE;
				CLANG_WARN_UNREACHABLE_CODE = YES;
				CLANG_WARN__DUPLICATE_METHOD_MATCH = YES;
				COPY_PHASE_STRIP = NO;
				DEBUG_INFORMATION_FORMAT = "dwarf-with-dsym";
				ENABLE_NS_ASSERTIONS = NO;
				ENABLE_STRICT_OBJC_MSGSEND = YES;
				ENABLE_USER_SCRIPT_SANDBOXING = YES;
				GCC_C_LANGUAGE_STANDARD = gnu17;
				GCC_NO_COMMON_BLOCKS = YES;
				GCC_WARN_64_TO_32_BIT_CONVERSION = YES;
				GCC_WARN_ABOUT_RETURN_TYPE = YES_ERROR;
				GCC_WARN_UNDECLARED_SELECTOR = YES;
				GCC_WARN_UNINITIALIZED_AUTOS = YES_AGGRESSIVE;
				GCC_WARN_UNUSED_FUNCTION = YES;
				GCC_WARN_UNUSED_VARIABLE = YES;
				IPHONEOS_DEPLOYMENT_TARGET = 17.4;
				LOCALIZATION_PREFERS_STRING_CATALOGS = YES;
				MTL_ENABLE_DEBUG_INFO = NO;
				MTL_FAST_MATH = YES;
				SDKROOT = iphoneos;
				SWIFT_COMPILATION_MODE = wholemodule;
				VALIDATE_PRODUCT = YES;
			};
			name = Release;
		};
		E55876B62BDCDF380067614A /* Debug */ = {
			isa = XCBuildConfiguration;
			buildSettings = {
				ASSETCATALOG_COMPILER_APPICON_NAME = AppIcon;
				ASSETCATALOG_COMPILER_GLOBAL_ACCENT_COLOR_NAME = AccentColor;
				CODE_SIGN_STYLE = Automatic;
				CURRENT_PROJECT_VERSION = 1;
				DEVELOPMENT_ASSET_PATHS = "\"My_test_proj/Preview Content\"";
				DEVELOPMENT_TEAM = 4LJC3387F5;
				ENABLE_PREVIEWS = YES;
				GENERATE_INFOPLIST_FILE = YES;
				INFOPLIST_KEY_UIApplicationSceneManifest_Generation = YES;
				INFOPLIST_KEY_UIApplicationSupportsIndirectInputEvents = YES;
				INFOPLIST_KEY_UILaunchScreen_Generation = YES;
				INFOPLIST_KEY_UISupportedInterfaceOrientations_iPad = "UIInterfaceOrientationPortrait UIInterfaceOrientationPortraitUpsideDown UIInterfaceOrientationLandscapeLeft UIInterfaceOrientationLandscapeRight";
				INFOPLIST_KEY_UISupportedInterfaceOrientations_iPhone = "UIInterfaceOrientationPortrait UIInterfaceOrientationLandscapeLeft UIInterfaceOrientationLandscapeRight";
				LD_RUNPATH_SEARCH_PATHS = (
					"$(inherited)",
					"@executable_path/Frameworks",
				);
				MARKETING_VERSION = 1.0;
				PRODUCT_BUNDLE_IDENTIFIER = "qwdef.My-test-proj";
				PRODUCT_NAME = "$(TARGET_NAME)";
				SWIFT_EMIT_LOC_STRINGS = YES;
				SWIFT_VERSION = 5.0;
				TARGETED_DEVICE_FAMILY = "1,2";
			};
			name = Debug;
		};
		E55876B72BDCDF380067614A /* Release */ = {
			isa = XCBuildConfiguration;
			buildSettings = {
				ASSETCATALOG_COMPILER_APPICON_NAME = AppIcon;
				ASSETCATALOG_COMPILER_GLOBAL_ACCENT_COLOR_NAME = AccentColor;
				CODE_SIGN_STYLE = Automatic;
				CURRENT_PROJECT_VERSION = 1;
				DEVELOPMENT_ASSET_PATHS = "\"My_test_proj/Preview Content\"";
				DEVELOPMENT_TEAM = 4LJC3387F5;
				ENABLE_PREVIEWS = YES;
				GENERATE_INFOPLIST_FILE = YES;
				INFOPLIST_KEY_UIApplicationSceneManifest_Generation = YES;
				INFOPLIST_KEY_UIApplicationSupportsIndirectInputEvents = YES;
				INFOPLIST_KEY_UILaunchScreen_Generation = YES;
				INFOPLIST_KEY_UISupportedInterfaceOrientations_iPad = "UIInterfaceOrientationPortrait UIInterfaceOrientationPortraitUpsideDown UIInterfaceOrientationLandscapeLeft UIInterfaceOrientationLandscapeRight";
				INFOPLIST_KEY_UISupportedInterfaceOrientations_iPhone = "UIInterfaceOrientationPortrait UIInterfaceOrientationLandscapeLeft UIInterfaceOrientationLandscapeRight";
				LD_RUNPATH_SEARCH_PATHS = (
					"$(inherited)",
					"@executable_path/Frameworks",
				);
				MARKETING_VERSION = 1.0;
				PRODUCT_BUNDLE_IDENTIFIER = "qwdef.My-test-proj";
				PRODUCT_NAME = "$(TARGET_NAME)";
				SWIFT_EMIT_LOC_STRINGS = YES;
				SWIFT_VERSION = 5.0;
				TARGETED_DEVICE_FAMILY = "1,2";
			};
			name = Release;
		};
		E55876B92BDCDF380067614A /* Debug */ = {
			isa = XCBuildConfiguration;
			buildSettings = {
				ALWAYS_EMBED_SWIFT_STANDARD_LIBRARIES = YES;
				BUNDLE_LOADER = "$(TEST_HOST)";
				CODE_SIGN_STYLE = Automatic;
				CURRENT_PROJECT_VERSION = 1;
				DEVELOPMENT_TEAM = 4LJC3387F5;
				GENERATE_INFOPLIST_FILE = YES;
				IPHONEOS_DEPLOYMENT_TARGET = 17.4;
				MARKETING_VERSION = 1.0;
				PRODUCT_BUNDLE_IDENTIFIER = "qwdef.My-test-projTests";
				PRODUCT_NAME = "$(TARGET_NAME)";
				SWIFT_EMIT_LOC_STRINGS = NO;
				SWIFT_VERSION = 5.0;
				TARGETED_DEVICE_FAMILY = "1,2";
				TEST_HOST = "$(BUILT_PRODUCTS_DIR)/My_test_proj.app/$(BUNDLE_EXECUTABLE_FOLDER_PATH)/My_test_proj";
			};
			name = Debug;
		};
		E55876BA2BDCDF380067614A /* Release */ = {
			isa = XCBuildConfiguration;
			buildSettings = {
				ALWAYS_EMBED_SWIFT_STANDARD_LIBRARIES = YES;
				BUNDLE_LOADER = "$(TEST_HOST)";
				CODE_SIGN_STYLE = Automatic;
				CURRENT_PROJECT_VERSION = 1;
				DEVELOPMENT_TEAM = 4LJC3387F5;
				GENERATE_INFOPLIST_FILE = YES;
				IPHONEOS_DEPLOYMENT_TARGET = 17.4;
				MARKETING_VERSION = 1.0;
				PRODUCT_BUNDLE_IDENTIFIER = "qwdef.My-test-projTests";
				PRODUCT_NAME = "$(TARGET_NAME)";
				SWIFT_EMIT_LOC_STRINGS = NO;
				SWIFT_VERSION = 5.0;
				TARGETED_DEVICE_FAMILY = "1,2";
				TEST_HOST = "$(BUILT_PRODUCTS_DIR)/My_test_proj.app/$(BUNDLE_EXECUTABLE_FOLDER_PATH)/My_test_proj";
			};
			name = Release;
		};
		E55876BC2BDCDF380067614A /* Debug */ = {
			isa = XCBuildConfiguration;
			buildSettings = {
				ALWAYS_EMBED_SWIFT_STANDARD_LIBRARIES = YES;
				CODE_SIGN_STYLE = Automatic;
				CURRENT_PROJECT_VERSION = 1;
				DEVELOPMENT_TEAM = 4LJC3387F5;
				GENERATE_INFOPLIST_FILE = YES;
				MARKETING_VERSION = 1.0;
				PRODUCT_BUNDLE_IDENTIFIER = "qwdef.My-test-projUITests";
				PRODUCT_NAME = "$(TARGET_NAME)";
				SWIFT_EMIT_LOC_STRINGS = NO;
				SWIFT_VERSION = 5.0;
				TARGETED_DEVICE_FAMILY = "1,2";
				TEST_TARGET_NAME = My_test_proj;
			};
			name = Debug;
		};
		E55876BD2BDCDF380067614A /* Release */ = {
			isa = XCBuildConfiguration;
			buildSettings = {
				ALWAYS_EMBED_SWIFT_STANDARD_LIBRARIES = YES;
				CODE_SIGN_STYLE = Automatic;
				CURRENT_PROJECT_VERSION = 1;
				DEVELOPMENT_TEAM = 4LJC3387F5;
				GENERATE_INFOPLIST_FILE = YES;
				MARKETING_VERSION = 1.0;
				PRODUCT_BUNDLE_IDENTIFIER = "qwdef.My-test-projUITests";
				PRODUCT_NAME = "$(TARGET_NAME)";
				SWIFT_EMIT_LOC_STRINGS = NO;
				SWIFT_VERSION = 5.0;
				TARGETED_DEVICE_FAMILY = "1,2";
				TEST_TARGET_NAME = My_test_proj;
			};
			name = Release;
		};
/* End XCBuildConfiguration section */

/* Begin XCConfigurationList section */
		E558768C2BDCDF360067614A /* Build configuration list for PBXProject "My_test_proj" */ = {
			isa = XCConfigurationList;
			buildConfigurations = (
				E55876B32BDCDF380067614A /* Debug */,
				E55876B42BDCDF380067614A /* Release */,
			);
			defaultConfigurationIsVisible = 0;
			defaultConfigurationName = Release;
		};
		E55876B52BDCDF380067614A /* Build configuration list for PBXNativeTarget "My_test_proj" */ = {
			isa = XCConfigurationList;
			buildConfigurations = (
				E55876B62BDCDF380067614A /* Debug */,
				E55876B72BDCDF380067614A /* Release */,
			);
			defaultConfigurationIsVisible = 0;
			defaultConfigurationName = Release;
		};
		E55876B82BDCDF380067614A /* Build configuration list for PBXNativeTarget "My_test_projTests" */ = {
			isa = XCConfigurationList;
			buildConfigurations = (
				E55876B92BDCDF380067614A /* Debug */,
				E55876BA2BDCDF380067614A /* Release */,
			);
			defaultConfigurationIsVisible = 0;
			defaultConfigurationName = Release;
		};
		E55876BB2BDCDF380067614A /* Build configuration list for PBXNativeTarget "My_test_projUITests" */ = {
			isa = XCConfigurationList;
			buildConfigurations = (
				E55876BC2BDCDF380067614A /* Debug */,
				E55876BD2BDCDF380067614A /* Release */,
			);
			defaultConfigurationIsVisible = 0;
			defaultConfigurationName = Release;
		};
/* End XCConfigurationList section */
	};
	rootObject = E55876892BDCDF360067614A /* Project object */;
}
